
Microsoft Visual Studio Solution File, Format Version 12.00
# Visual Studio Version 16
VisualStudioVersion = 16.0.31702.278
MinimumVisualStudioVersion = 10.0.40219.1
Project("{FAE04EC0-301F-11D3-BF4B-00C04F79EFBC}") = "webapi", "webapi\webapi.csproj", "{F2ABE319-468D-4B06-9A67-B669E35BF708}"
EndProject
Global
	GlobalSection(SolutionConfigurationPlatforms) = preSolution
		Debug|Any CPU = Debug|Any CPU
		Release|Any CPU = Release|Any CPU
	EndGlobalSection
	GlobalSection(ProjectConfigurationPlatforms) = postSolution
		{F2ABE319-468D-4B06-9A67-B669E35BF708}.Debug|Any CPU.ActiveCfg = Debug|Any CPU
		{F2ABE319-468D-4B06-9A67-B669E35BF708}.Debug|Any CPU.Build.0 = Debug|Any CPU
		{F2ABE319-468D-4B06-9A67-B669E35BF708}.Release|Any CPU.ActiveCfg = Release|Any CPU
		{F2ABE319-468D-4B06-9A67-B669E35BF708}.Release|Any CPU.Build.0 = Release|Any CPU
	EndGlobalSection
	GlobalSection(SolutionProperties) = preSolution
		HideSolutionNode = FALSE
	EndGlobalSection
	GlobalSection(ExtensibilityGlobals) = postSolution
		SolutionGuid = {08E32DB9-D242-4189-8D62-6B0A5B843924}
	EndGlobalSection
EndGlobal
